
Microsoft Visual Studio Solution File, Format Version 12.00
# Visual Studio Version 17
VisualStudioVersion = 17.7.34024.191
MinimumVisualStudioVersion = 10.0.40219.1
Project("{8BC9CEB8-8B4A-11D0-8D11-00A0C91BC942}") = "CourseworkOOP_Part_C++", "CourseworkOOP_Part_C++.vcxproj", "{C17BCB28-FB94-4E1A-9A10-00D469B2D7B3}"
EndProject
Global
	GlobalSection(SolutionConfigurationPlatforms) = preSolution
		Debug|x64 = Debug|x64
		Debug|x86 = Debug|x86
		Release|x64 = Release|x64
		Release|x86 = Release|x86
	EndGlobalSection
	GlobalSection(ProjectConfigurationPlatforms) = postSolution
		{C17BCB28-FB94-4E1A-9A10-00D469B2D7B3}.Debug|x64.ActiveCfg = Debug|x64
		{C17BCB28-FB94-4E1A-9A10-00D469B2D7B3}.Debug|x64.Build.0 = Debug|x64
		{C17BCB28-FB94-4E1A-9A10-00D469B2D7B3}.Debug|x86.ActiveCfg = Debug|Win32
		{C17BCB28-FB94-4E1A-9A10-00D469B2D7B3}.Debug|x86.Build.0 = Debug|Win32
		{C17BCB28-FB94-4E1A-9A10-00D469B2D7B3}.Release|x64.ActiveCfg = Release|x64
		{C17BCB28-FB94-4E1A-9A10-00D469B2D7B3}.Release|x64.Build.0 = Release|x64
		{C17BCB28-FB94-4E1A-9A10-00D469B2D7B3}.Release|x86.ActiveCfg = Release|Win32
		{C17BCB28-FB94-4E1A-9A10-00D469B2D7B3}.Release|x86.Build.0 = Release|Win32
	EndGlobalSection
	GlobalSection(SolutionProperties) = preSolution
		HideSolutionNode = FALSE
	EndGlobalSection
	GlobalSection(ExtensibilityGlobals) = postSolution
		SolutionGuid = {1A5930F5-8C9E-412D-B427-7BA1E524EFE4}
	EndGlobalSection
EndGlobal
